// !$*UTF8*$!
{
	archiveVersion = 1;
	classes = {
	};
	objectVersion = 50;
	objects = {

/* Begin PBXBuildFile section */
		3115E76B21F85B03000D4509 /* Extensions.swift in Sources */ = {isa = PBXBuildFile; fileRef = 3115E76A21F85B03000D4509 /* Extensions.swift */; };
		31310DC921F5EA580014E82B /* LocationVC.swift in Sources */ = {isa = PBXBuildFile; fileRef = 31310DC821F5EA580014E82B /* LocationVC.swift */; };
		319CDA8721F7033F00966133 /* CurrentRunVC.swift in Sources */ = {isa = PBXBuildFile; fileRef = 319CDA8621F7033F00966133 /* CurrentRunVC.swift */; };
		31BEC0B72207FCF4000E36B6 /* Run.swift in Sources */ = {isa = PBXBuildFile; fileRef = 31BEC0B62207FCF4000E36B6 /* Run.swift */; };
		31DE1BFF21EF1CE400A30CEE /* AppDelegate.swift in Sources */ = {isa = PBXBuildFile; fileRef = 31DE1BFE21EF1CE400A30CEE /* AppDelegate.swift */; };
		31DE1C0121EF1CE400A30CEE /* BeginRunningVC.swift in Sources */ = {isa = PBXBuildFile; fileRef = 31DE1C0021EF1CE400A30CEE /* BeginRunningVC.swift */; };
		31DE1C0321EF1CE400A30CEE /* RunningLogVC.swift in Sources */ = {isa = PBXBuildFile; fileRef = 31DE1C0221EF1CE400A30CEE /* RunningLogVC.swift */; };
		31DE1C0621EF1CE400A30CEE /* Main.storyboard in Resources */ = {isa = PBXBuildFile; fileRef = 31DE1C0421EF1CE400A30CEE /* Main.storyboard */; };
		31DE1C0821EF1CE600A30CEE /* Assets.xcassets in Resources */ = {isa = PBXBuildFile; fileRef = 31DE1C0721EF1CE600A30CEE /* Assets.xcassets */; };
		31DE1C0B21EF1CE600A30CEE /* LaunchScreen.storyboard in Resources */ = {isa = PBXBuildFile; fileRef = 31DE1C0921EF1CE600A30CEE /* LaunchScreen.storyboard */; };
		31DE1C2A21EF211200A30CEE /* Montserrat-Black.ttf in Resources */ = {isa = PBXBuildFile; fileRef = 31DE1C1821EF210F00A30CEE /* Montserrat-Black.ttf */; };
		31DE1C2B21EF211200A30CEE /* Montserrat-SemiBoldItalic.ttf in Resources */ = {isa = PBXBuildFile; fileRef = 31DE1C1921EF210F00A30CEE /* Montserrat-SemiBoldItalic.ttf */; };
		31DE1C2C21EF211200A30CEE /* Montserrat-ThinItalic.ttf in Resources */ = {isa = PBXBuildFile; fileRef = 31DE1C1A21EF210F00A30CEE /* Montserrat-ThinItalic.ttf */; };
		31DE1C2D21EF211200A30CEE /* Montserrat-LightItalic.ttf in Resources */ = {isa = PBXBuildFile; fileRef = 31DE1C1B21EF210F00A30CEE /* Montserrat-LightItalic.ttf */; };
		31DE1C2E21EF211200A30CEE /* Montserrat-ExtraBold.ttf in Resources */ = {isa = PBXBuildFile; fileRef = 31DE1C1C21EF210F00A30CEE /* Montserrat-ExtraBold.ttf */; };
		31DE1C2F21EF211200A30CEE /* Montserrat-ExtraBoldItalic.ttf in Resources */ = {isa = PBXBuildFile; fileRef = 31DE1C1D21EF211000A30CEE /* Montserrat-ExtraBoldItalic.ttf */; };
		31DE1C3021EF211200A30CEE /* Montserrat-BlackItalic.ttf in Resources */ = {isa = PBXBuildFile; fileRef = 31DE1C1E21EF211000A30CEE /* Montserrat-BlackItalic.ttf */; };
		31DE1C3121EF211200A30CEE /* Montserrat-ExtraLight.ttf in Resources */ = {isa = PBXBuildFile; fileRef = 31DE1C1F21EF211000A30CEE /* Montserrat-ExtraLight.ttf */; };
		31DE1C3221EF211200A30CEE /* Montserrat-ExtraLightItalic.ttf in Resources */ = {isa = PBXBuildFile; fileRef = 31DE1C2021EF211000A30CEE /* Montserrat-ExtraLightItalic.ttf */; };
		31DE1C3321EF211200A30CEE /* Montserrat-MediumItalic.ttf in Resources */ = {isa = PBXBuildFile; fileRef = 31DE1C2121EF211000A30CEE /* Montserrat-MediumItalic.ttf */; };
		31DE1C3421EF211200A30CEE /* Montserrat-Regular.ttf in Resources */ = {isa = PBXBuildFile; fileRef = 31DE1C2221EF211000A30CEE /* Montserrat-Regular.ttf */; };
		31DE1C3521EF211200A30CEE /* Montserrat-SemiBold.ttf in Resources */ = {isa = PBXBuildFile; fileRef = 31DE1C2321EF211000A30CEE /* Montserrat-SemiBold.ttf */; };
		31DE1C3621EF211200A30CEE /* Montserrat-BoldItalic.ttf in Resources */ = {isa = PBXBuildFile; fileRef = 31DE1C2421EF211100A30CEE /* Montserrat-BoldItalic.ttf */; };
		31DE1C3721EF211200A30CEE /* Montserrat-Thin.ttf in Resources */ = {isa = PBXBuildFile; fileRef = 31DE1C2521EF211100A30CEE /* Montserrat-Thin.ttf */; };
		31DE1C3821EF211200A30CEE /* Montserrat-Bold.ttf in Resources */ = {isa = PBXBuildFile; fileRef = 31DE1C2621EF211100A30CEE /* Montserrat-Bold.ttf */; };
		31DE1C3921EF211200A30CEE /* Montserrat-Light.ttf in Resources */ = {isa = PBXBuildFile; fileRef = 31DE1C2721EF211100A30CEE /* Montserrat-Light.ttf */; };
		31DE1C3A21EF211200A30CEE /* Montserrat-Italic.ttf in Resources */ = {isa = PBXBuildFile; fileRef = 31DE1C2821EF211100A30CEE /* Montserrat-Italic.ttf */; };
		31DE1C3B21EF211200A30CEE /* Montserrat-Medium.ttf in Resources */ = {isa = PBXBuildFile; fileRef = 31DE1C2921EF211200A30CEE /* Montserrat-Medium.ttf */; };
		CB75505D26963872A8382463 /* Pods_Treads.framework in Frameworks */ = {isa = PBXBuildFile; fileRef = 416106AF302F32F9A7C3E88C /* Pods_Treads.framework */; };
/* End PBXBuildFile section */

/* Begin PBXFileReference section */
		0202A1EF11F40EDB5A1E42CC /* Pods-Treads.release.xcconfig */ = {isa = PBXFileReference; includeInIndex = 1; lastKnownFileType = text.xcconfig; name = "Pods-Treads.release.xcconfig"; path = "Pods/Target Support Files/Pods-Treads/Pods-Treads.release.xcconfig"; sourceTree = "<group>"; };
		3115E76A21F85B03000D4509 /* Extensions.swift */ = {isa = PBXFileReference; lastKnownFileType = sourcecode.swift; path = Extensions.swift; sourceTree = "<group>"; };
		31310DC821F5EA580014E82B /* LocationVC.swift */ = {isa = PBXFileReference; lastKnownFileType = sourcecode.swift; path = LocationVC.swift; sourceTree = "<group>"; };
		319CDA8621F7033F00966133 /* CurrentRunVC.swift */ = {isa = PBXFileReference; lastKnownFileType = sourcecode.swift; path = CurrentRunVC.swift; sourceTree = "<group>"; };
		31BEC0B62207FCF4000E36B6 /* Run.swift */ = {isa = PBXFileReference; lastKnownFileType = sourcecode.swift; path = Run.swift; sourceTree = "<group>"; };
		31DE1BFB21EF1CE400A30CEE /* Treads.app */ = {isa = PBXFileReference; explicitFileType = wrapper.application; includeInIndex = 0; path = Treads.app; sourceTree = BUILT_PRODUCTS_DIR; };
		31DE1BFE21EF1CE400A30CEE /* AppDelegate.swift */ = {isa = PBXFileReference; lastKnownFileType = sourcecode.swift; path = AppDelegate.swift; sourceTree = "<group>"; };
		31DE1C0021EF1CE400A30CEE /* BeginRunningVC.swift */ = {isa = PBXFileReference; lastKnownFileType = sourcecode.swift; path = BeginRunningVC.swift; sourceTree = "<group>"; };
		31DE1C0221EF1CE400A30CEE /* RunningLogVC.swift */ = {isa = PBXFileReference; lastKnownFileType = sourcecode.swift; path = RunningLogVC.swift; sourceTree = "<group>"; };
		31DE1C0521EF1CE400A30CEE /* Base */ = {isa = PBXFileReference; lastKnownFileType = file.storyboard; name = Base; path = Base.lproj/Main.storyboard; sourceTree = "<group>"; };
		31DE1C0721EF1CE600A30CEE /* Assets.xcassets */ = {isa = PBXFileReference; lastKnownFileType = folder.assetcatalog; path = Assets.xcassets; sourceTree = "<group>"; };
		31DE1C0A21EF1CE600A30CEE /* Base */ = {isa = PBXFileReference; lastKnownFileType = file.storyboard; name = Base; path = Base.lproj/LaunchScreen.storyboard; sourceTree = "<group>"; };
		31DE1C0C21EF1CE600A30CEE /* Info.plist */ = {isa = PBXFileReference; lastKnownFileType = text.plist.xml; path = Info.plist; sourceTree = "<group>"; };
		31DE1C1821EF210F00A30CEE /* Montserrat-Black.ttf */ = {isa = PBXFileReference; lastKnownFileType = file; path = "Montserrat-Black.ttf"; sourceTree = "<group>"; };
		31DE1C1921EF210F00A30CEE /* Montserrat-SemiBoldItalic.ttf */ = {isa = PBXFileReference; lastKnownFileType = file; path = "Montserrat-SemiBoldItalic.ttf"; sourceTree = "<group>"; };
		31DE1C1A21EF210F00A30CEE /* Montserrat-ThinItalic.ttf */ = {isa = PBXFileReference; lastKnownFileType = file; path = "Montserrat-ThinItalic.ttf"; sourceTree = "<group>"; };
		31DE1C1B21EF210F00A30CEE /* Montserrat-LightItalic.ttf */ = {isa = PBXFileReference; lastKnownFileType = file; path = "Montserrat-LightItalic.ttf"; sourceTree = "<group>"; };
		31DE1C1C21EF210F00A30CEE /* Montserrat-ExtraBold.ttf */ = {isa = PBXFileReference; lastKnownFileType = file; path = "Montserrat-ExtraBold.ttf"; sourceTree = "<group>"; };
		31DE1C1D21EF211000A30CEE /* Montserrat-ExtraBoldItalic.ttf */ = {isa = PBXFileReference; lastKnownFileType = file; path = "Montserrat-ExtraBoldItalic.ttf"; sourceTree = "<group>"; };
		31DE1C1E21EF211000A30CEE /* Montserrat-BlackItalic.ttf */ = {isa = PBXFileReference; lastKnownFileType = file; path = "Montserrat-BlackItalic.ttf"; sourceTree = "<group>"; };
		31DE1C1F21EF211000A30CEE /* Montserrat-ExtraLight.ttf */ = {isa = PBXFileReference; lastKnownFileType = file; path = "Montserrat-ExtraLight.ttf"; sourceTree = "<group>"; };
		31DE1C2021EF211000A30CEE /* Montserrat-ExtraLightItalic.ttf */ = {isa = PBXFileReference; lastKnownFileType = file; path = "Montserrat-ExtraLightItalic.ttf"; sourceTree = "<group>"; };
		31DE1C2121EF211000A30CEE /* Montserrat-MediumItalic.ttf */ = {isa = PBXFileReference; lastKnownFileType = file; path = "Montserrat-MediumItalic.ttf"; sourceTree = "<group>"; };
		31DE1C2221EF211000A30CEE /* Montserrat-Regular.ttf */ = {isa = PBXFileReference; lastKnownFileType = file; path = "Montserrat-Regular.ttf"; sourceTree = "<group>"; };
		31DE1C2321EF211000A30CEE /* Montserrat-SemiBold.ttf */ = {isa = PBXFileReference; lastKnownFileType = file; path = "Montserrat-SemiBold.ttf"; sourceTree = "<group>"; };
		31DE1C2421EF211100A30CEE /* Montserrat-BoldItalic.ttf */ = {isa = PBXFileReference; lastKnownFileType = file; path = "Montserrat-BoldItalic.ttf"; sourceTree = "<group>"; };
		31DE1C2521EF211100A30CEE /* Montserrat-Thin.ttf */ = {isa = PBXFileReference; lastKnownFileType = file; path = "Montserrat-Thin.ttf"; sourceTree = "<group>"; };
		31DE1C2621EF211100A30CEE /* Montserrat-Bold.ttf */ = {isa = PBXFileReference; lastKnownFileType = file; path = "Montserrat-Bold.ttf"; sourceTree = "<group>"; };
		31DE1C2721EF211100A30CEE /* Montserrat-Light.ttf */ = {isa = PBXFileReference; lastKnownFileType = file; path = "Montserrat-Light.ttf"; sourceTree = "<group>"; };
		31DE1C2821EF211100A30CEE /* Montserrat-Italic.ttf */ = {isa = PBXFileReference; lastKnownFileType = file; path = "Montserrat-Italic.ttf"; sourceTree = "<group>"; };
		31DE1C2921EF211200A30CEE /* Montserrat-Medium.ttf */ = {isa = PBXFileReference; lastKnownFileType = file; path = "Montserrat-Medium.ttf"; sourceTree = "<group>"; };
		416106AF302F32F9A7C3E88C /* Pods_Treads.framework */ = {isa = PBXFileReference; explicitFileType = wrapper.framework; includeInIndex = 0; path = Pods_Treads.framework; sourceTree = BUILT_PRODUCTS_DIR; };
		F429CE54034A9F13C1B45A63 /* Pods-Treads.debug.xcconfig */ = {isa = PBXFileReference; includeInIndex = 1; lastKnownFileType = text.xcconfig; name = "Pods-Treads.debug.xcconfig"; path = "Pods/Target Support Files/Pods-Treads/Pods-Treads.debug.xcconfig"; sourceTree = "<group>"; };
/* End PBXFileReference section */

/* Begin PBXFrameworksBuildPhase section */
		31DE1BF821EF1CE400A30CEE /* Frameworks */ = {
			isa = PBXFrameworksBuildPhase;
			buildActionMask = 2147483647;
			files = (
				CB75505D26963872A8382463 /* Pods_Treads.framework in Frameworks */,
			);
			runOnlyForDeploymentPostprocessing = 0;
		};
/* End PBXFrameworksBuildPhase section */

/* Begin PBXGroup section */
		31DE1BF221EF1CE400A30CEE = {
			isa = PBXGroup;
			children = (
				31DE1BFD21EF1CE400A30CEE /* Treads */,
				31DE1BFC21EF1CE400A30CEE /* Products */,
				C77F3C6AA5D5E98626453847 /* Pods */,
				B4CD5B3BBD88CFC4E5A1EBC8 /* Frameworks */,
			);
			sourceTree = "<group>";
		};
		31DE1BFC21EF1CE400A30CEE /* Products */ = {
			isa = PBXGroup;
			children = (
				31DE1BFB21EF1CE400A30CEE /* Treads.app */,
			);
			name = Products;
			sourceTree = "<group>";
		};
		31DE1BFD21EF1CE400A30CEE /* Treads */ = {
			isa = PBXGroup;
			children = (
				31DE1C1721EF208600A30CEE /* Model */,
				31DE1C1621EF208000A30CEE /* View */,
				31DE1C1521EF207700A30CEE /* Controller */,
				31DE1C1421EF206E00A30CEE /* Utilities */,
				31DE1C1321EF205D00A30CEE /* Extensions */,
				31DE1C1221EF204800A30CEE /* Resources */,
				31DE1BFE21EF1CE400A30CEE /* AppDelegate.swift */,
				31DE1C0021EF1CE400A30CEE /* BeginRunningVC.swift */,
				31DE1C0221EF1CE400A30CEE /* RunningLogVC.swift */,
				31DE1C0421EF1CE400A30CEE /* Main.storyboard */,
				31DE1C0721EF1CE600A30CEE /* Assets.xcassets */,
				31DE1C0921EF1CE600A30CEE /* LaunchScreen.storyboard */,
				31DE1C0C21EF1CE600A30CEE /* Info.plist */,
			);
			path = Treads;
			sourceTree = "<group>";
		};
		31DE1C1221EF204800A30CEE /* Resources */ = {
			isa = PBXGroup;
			children = (
				31DE1C1821EF210F00A30CEE /* Montserrat-Black.ttf */,
				31DE1C1E21EF211000A30CEE /* Montserrat-BlackItalic.ttf */,
				31DE1C2621EF211100A30CEE /* Montserrat-Bold.ttf */,
				31DE1C2421EF211100A30CEE /* Montserrat-BoldItalic.ttf */,
				31DE1C1C21EF210F00A30CEE /* Montserrat-ExtraBold.ttf */,
				31DE1C1D21EF211000A30CEE /* Montserrat-ExtraBoldItalic.ttf */,
				31DE1C1F21EF211000A30CEE /* Montserrat-ExtraLight.ttf */,
				31DE1C2021EF211000A30CEE /* Montserrat-ExtraLightItalic.ttf */,
				31DE1C2821EF211100A30CEE /* Montserrat-Italic.ttf */,
				31DE1C2721EF211100A30CEE /* Montserrat-Light.ttf */,
				31DE1C1B21EF210F00A30CEE /* Montserrat-LightItalic.ttf */,
				31DE1C2921EF211200A30CEE /* Montserrat-Medium.ttf */,
				31DE1C2121EF211000A30CEE /* Montserrat-MediumItalic.ttf */,
				31DE1C2221EF211000A30CEE /* Montserrat-Regular.ttf */,
				31DE1C2321EF211000A30CEE /* Montserrat-SemiBold.ttf */,
				31DE1C1921EF210F00A30CEE /* Montserrat-SemiBoldItalic.ttf */,
				31DE1C2521EF211100A30CEE /* Montserrat-Thin.ttf */,
				31DE1C1A21EF210F00A30CEE /* Montserrat-ThinItalic.ttf */,
			);
			path = Resources;
			sourceTree = "<group>";
		};
		31DE1C1321EF205D00A30CEE /* Extensions */ = {
			isa = PBXGroup;
			children = (
				3115E76A21F85B03000D4509 /* Extensions.swift */,
			);
			path = Extensions;
			sourceTree = "<group>";
		};
		31DE1C1421EF206E00A30CEE /* Utilities */ = {
			isa = PBXGroup;
			children = (
			);
			path = Utilities;
			sourceTree = "<group>";
		};
		31DE1C1521EF207700A30CEE /* Controller */ = {
			isa = PBXGroup;
			children = (
				31310DC821F5EA580014E82B /* LocationVC.swift */,
				319CDA8621F7033F00966133 /* CurrentRunVC.swift */,
			);
			path = Controller;
			sourceTree = "<group>";
		};
		31DE1C1621EF208000A30CEE /* View */ = {
			isa = PBXGroup;
			children = (
			);
			path = View;
			sourceTree = "<group>";
		};
		31DE1C1721EF208600A30CEE /* Model */ = {
			isa = PBXGroup;
			children = (
				31BEC0B62207FCF4000E36B6 /* Run.swift */,
			);
			path = Model;
			sourceTree = "<group>";
		};
		B4CD5B3BBD88CFC4E5A1EBC8 /* Frameworks */ = {
			isa = PBXGroup;
			children = (
				416106AF302F32F9A7C3E88C /* Pods_Treads.framework */,
			);
			name = Frameworks;
			sourceTree = "<group>";
		};
		C77F3C6AA5D5E98626453847 /* Pods */ = {
			isa = PBXGroup;
			children = (
				F429CE54034A9F13C1B45A63 /* Pods-Treads.debug.xcconfig */,
				0202A1EF11F40EDB5A1E42CC /* Pods-Treads.release.xcconfig */,
			);
			name = Pods;
			sourceTree = "<group>";
		};
/* End PBXGroup section */

/* Begin PBXNativeTarget section */
		31DE1BFA21EF1CE400A30CEE /* Treads */ = {
			isa = PBXNativeTarget;
			buildConfigurationList = 31DE1C0F21EF1CE600A30CEE /* Build configuration list for PBXNativeTarget "Treads" */;
			buildPhases = (
				A2CD1824AD3E7EEFA241D541 /* [CP] Check Pods Manifest.lock */,
				31DE1BF721EF1CE400A30CEE /* Sources */,
				31DE1BF821EF1CE400A30CEE /* Frameworks */,
				31DE1BF921EF1CE400A30CEE /* Resources */,
				97B90861E0E31E8211B6EEF1 /* [CP] Embed Pods Frameworks */,
			);
			buildRules = (
			);
			dependencies = (
			);
			name = Treads;
			productName = Treads;
			productReference = 31DE1BFB21EF1CE400A30CEE /* Treads.app */;
			productType = "com.apple.product-type.application";
		};
/* End PBXNativeTarget section */

/* Begin PBXProject section */
		31DE1BF321EF1CE400A30CEE /* Project object */ = {
			isa = PBXProject;
			attributes = {
				LastSwiftUpdateCheck = 1010;
				LastUpgradeCheck = 1010;
				ORGANIZATIONNAME = "Ramit sharma";
				TargetAttributes = {
					31DE1BFA21EF1CE400A30CEE = {
						CreatedOnToolsVersion = 10.1;
					};
				};
			};
			buildConfigurationList = 31DE1BF621EF1CE400A30CEE /* Build configuration list for PBXProject "Treads" */;
			compatibilityVersion = "Xcode 9.3";
			developmentRegion = en;
			hasScannedForEncodings = 0;
			knownRegions = (
				en,
				Base,
			);
			mainGroup = 31DE1BF221EF1CE400A30CEE;
			productRefGroup = 31DE1BFC21EF1CE400A30CEE /* Products */;
			projectDirPath = "";
			projectRoot = "";
			targets = (
				31DE1BFA21EF1CE400A30CEE /* Treads */,
			);
		};
/* End PBXProject section */

/* Begin PBXResourcesBuildPhase section */
		31DE1BF921EF1CE400A30CEE /* Resources */ = {
			isa = PBXResourcesBuildPhase;
			buildActionMask = 2147483647;
			files = (
				31DE1C2F21EF211200A30CEE /* Montserrat-ExtraBoldItalic.ttf in Resources */,
				31DE1C3321EF211200A30CEE /* Montserrat-MediumItalic.ttf in Resources */,
				31DE1C3421EF211200A30CEE /* Montserrat-Regular.ttf in Resources */,
				31DE1C0B21EF1CE600A30CEE /* LaunchScreen.storyboard in Resources */,
				31DE1C2D21EF211200A30CEE /* Montserrat-LightItalic.ttf in Resources */,
				31DE1C3021EF211200A30CEE /* Montserrat-BlackItalic.ttf in Resources */,
				31DE1C2A21EF211200A30CEE /* Montserrat-Black.ttf in Resources */,
				31DE1C3221EF211200A30CEE /* Montserrat-ExtraLightItalic.ttf in Resources */,
				31DE1C3621EF211200A30CEE /* Montserrat-BoldItalic.ttf in Resources */,
				31DE1C2C21EF211200A30CEE /* Montserrat-ThinItalic.ttf in Resources */,
				31DE1C3B21EF211200A30CEE /* Montserrat-Medium.ttf in Resources */,
				31DE1C3521EF211200A30CEE /* Montserrat-SemiBold.ttf in Resources */,
				31DE1C3121EF211200A30CEE /* Montserrat-ExtraLight.ttf in Resources */,
				31DE1C3721EF211200A30CEE /* Montserrat-Thin.ttf in Resources */,
				31DE1C0821EF1CE600A30CEE /* Assets.xcassets in Resources */,
				31DE1C3821EF211200A30CEE /* Montserrat-Bold.ttf in Resources */,
				31DE1C3A21EF211200A30CEE /* Montserrat-Italic.ttf in Resources */,
				31DE1C2E21EF211200A30CEE /* Montserrat-ExtraBold.ttf in Resources */,
				31DE1C3921EF211200A30CEE /* Montserrat-Light.ttf in Resources */,
				31DE1C2B21EF211200A30CEE /* Montserrat-SemiBoldItalic.ttf in Resources */,
				31DE1C0621EF1CE400A30CEE /* Main.storyboard in Resources */,
			);
			runOnlyForDeploymentPostprocessing = 0;
		};
/* End PBXResourcesBuildPhase section */

/* Begin PBXShellScriptBuildPhase section */
		97B90861E0E31E8211B6EEF1 /* [CP] Embed Pods Frameworks */ = {
			isa = PBXShellScriptBuildPhase;
			buildActionMask = 2147483647;
			files = (
			);
			inputPaths = (
				"${SRCROOT}/Pods/Target Support Files/Pods-Treads/Pods-Treads-frameworks.sh",
				"${BUILT_PRODUCTS_DIR}/Realm/Realm.framework",
				"${BUILT_PRODUCTS_DIR}/RealmSwift/RealmSwift.framework",
			);
			name = "[CP] Embed Pods Frameworks";
			outputPaths = (
				"${TARGET_BUILD_DIR}/${FRAMEWORKS_FOLDER_PATH}/Realm.framework",
				"${TARGET_BUILD_DIR}/${FRAMEWORKS_FOLDER_PATH}/RealmSwift.framework",
			);
			runOnlyForDeploymentPostprocessing = 0;
			shellPath = /bin/sh;
			shellScript = "\"${SRCROOT}/Pods/Target Support Files/Pods-Treads/Pods-Treads-frameworks.sh\"\n";
			showEnvVarsInLog = 0;
		};
		A2CD1824AD3E7EEFA241D541 /* [CP] Check Pods Manifest.lock */ = {
			isa = PBXShellScriptBuildPhase;
			buildActionMask = 2147483647;
			files = (
			);
			inputPaths = (
				"${PODS_PODFILE_DIR_PATH}/Podfile.lock",
				"${PODS_ROOT}/Manifest.lock",
			);
			name = "[CP] Check Pods Manifest.lock";
			outputPaths = (
				"$(DERIVED_FILE_DIR)/Pods-Treads-checkManifestLockResult.txt",
			);
			runOnlyForDeploymentPostprocessing = 0;
			shellPath = /bin/sh;
			shellScript = "diff \"${PODS_PODFILE_DIR_PATH}/Podfile.lock\" \"${PODS_ROOT}/Manifest.lock\" > /dev/null\nif [ $? != 0 ] ; then\n    # print error to STDERR\n    echo \"error: The sandbox is not in sync with the Podfile.lock. Run 'pod install' or update your CocoaPods installation.\" >&2\n    exit 1\nfi\n# This output is used by Xcode 'outputs' to avoid re-running this script phase.\necho \"SUCCESS\" > \"${SCRIPT_OUTPUT_FILE_0}\"\n";
			showEnvVarsInLog = 0;
		};
/* End PBXShellScriptBuildPhase section */

/* Begin PBXSourcesBuildPhase section */
		31DE1BF721EF1CE400A30CEE /* Sources */ = {
			isa = PBXSourcesBuildPhase;
			buildActionMask = 2147483647;
			files = (
				319CDA8721F7033F00966133 /* CurrentRunVC.swift in Sources */,
				3115E76B21F85B03000D4509 /* Extensions.swift in Sources */,
				31DE1C0321EF1CE400A30CEE /* RunningLogVC.swift in Sources */,
				31310DC921F5EA580014E82B /* LocationVC.swift in Sources */,
				31DE1BFF21EF1CE400A30CEE /* AppDelegate.swift in Sources */,
				31BEC0B72207FCF4000E36B6 /* Run.swift in Sources */,
				31DE1C0121EF1CE400A30CEE /* BeginRunningVC.swift in Sources */,
			);
			runOnlyForDeploymentPostprocessing = 0;
		};
/* End PBXSourcesBuildPhase section */

/* Begin PBXVariantGroup section */
		31DE1C0421EF1CE400A30CEE /* Main.storyboard */ = {
			isa = PBXVariantGroup;
			children = (
				31DE1C0521EF1CE400A30CEE /* Base */,
			);
			name = Main.storyboard;
			sourceTree = "<group>";
		};
		31DE1C0921EF1CE600A30CEE /* LaunchScreen.storyboard */ = {
			isa = PBXVariantGroup;
			children = (
				31DE1C0A21EF1CE600A30CEE /* Base */,
			);
			name = LaunchScreen.storyboard;
			sourceTree = "<group>";
		};
/* End PBXVariantGroup section */

/* Begin XCBuildConfiguration section */
		31DE1C0D21EF1CE600A30CEE /* Debug */ = {
			isa = XCBuildConfiguration;
			buildSettings = {
				ALWAYS_SEARCH_USER_PATHS = NO;
				CLANG_ANALYZER_NONNULL = YES;
				CLANG_ANALYZER_NUMBER_OBJECT_CONVERSION = YES_AGGRESSIVE;
				CLANG_CXX_LANGUAGE_STANDARD = "gnu++14";
				CLANG_CXX_LIBRARY = "libc++";
				CLANG_ENABLE_MODULES = YES;
				CLANG_ENABLE_OBJC_ARC = YES;
				CLANG_ENABLE_OBJC_WEAK = YES;
				CLANG_WARN_BLOCK_CAPTURE_AUTORELEASING = YES;
				CLANG_WARN_BOOL_CONVERSION = YES;
				CLANG_WARN_COMMA = YES;
				CLANG_WARN_CONSTANT_CONVERSION = YES;
				CLANG_WARN_DEPRECATED_OBJC_IMPLEMENTATIONS = YES;
				CLANG_WARN_DIRECT_OBJC_ISA_USAGE = YES_ERROR;
				CLANG_WARN_DOCUMENTATION_COMMENTS = YES;
				CLANG_WARN_EMPTY_BODY = YES;
				CLANG_WARN_ENUM_CONVERSION = YES;
				CLANG_WARN_INFINITE_RECURSION = YES;
				CLANG_WARN_INT_CONVERSION = YES;
				CLANG_WARN_NON_LITERAL_NULL_CONVERSION = YES;
				CLANG_WARN_OBJC_IMPLICIT_RETAIN_SELF = YES;
				CLANG_WARN_OBJC_LITERAL_CONVERSION = YES;
				CLANG_WARN_OBJC_ROOT_CLASS = YES_ERROR;
				CLANG_WARN_RANGE_LOOP_ANALYSIS = YES;
				CLANG_WARN_STRICT_PROTOTYPES = YES;
				CLANG_WARN_SUSPICIOUS_MOVE = YES;
				CLANG_WARN_UNGUARDED_AVAILABILITY = YES_AGGRESSIVE;
				CLANG_WARN_UNREACHABLE_CODE = YES;
				CLANG_WARN__DUPLICATE_METHOD_MATCH = YES;
				CODE_SIGN_IDENTITY = "iPhone Developer";
				COPY_PHASE_STRIP = NO;
				DEBUG_INFORMATION_FORMAT = dwarf;
				ENABLE_STRICT_OBJC_MSGSEND = YES;
				ENABLE_TESTABILITY = YES;
				GCC_C_LANGUAGE_STANDARD = gnu11;
				GCC_DYNAMIC_NO_PIC = NO;
				GCC_NO_COMMON_BLOCKS = YES;
				GCC_OPTIMIZATION_LEVEL = 0;
				GCC_PREPROCESSOR_DEFINITIONS = (
					"DEBUG=1",
					"$(inherited)",
				);
				GCC_WARN_64_TO_32_BIT_CONVERSION = YES;
				GCC_WARN_ABOUT_RETURN_TYPE = YES_ERROR;
				GCC_WARN_UNDECLARED_SELECTOR = YES;
				GCC_WARN_UNINITIALIZED_AUTOS = YES_AGGRESSIVE;
				GCC_WARN_UNUSED_FUNCTION = YES;
				GCC_WARN_UNUSED_VARIABLE = YES;
				IPHONEOS_DEPLOYMENT_TARGET = 12.1;
				MTL_ENABLE_DEBUG_INFO = INCLUDE_SOURCE;
				MTL_FAST_MATH = YES;
				ONLY_ACTIVE_ARCH = YES;
				SDKROOT = iphoneos;
				SWIFT_ACTIVE_COMPILATION_CONDITIONS = DEBUG;
				SWIFT_OPTIMIZATION_LEVEL = "-Onone";
			};
			name = Debug;
		};
		31DE1C0E21EF1CE600A30CEE /* Release */ = {
			isa = XCBuildConfiguration;
			buildSettings = {
				ALWAYS_SEARCH_USER_PATHS = NO;
				CLANG_ANALYZER_NONNULL = YES;
				CLANG_ANALYZER_NUMBER_OBJECT_CONVERSION = YES_AGGRESSIVE;
				CLANG_CXX_LANGUAGE_STANDARD = "gnu++14";
				CLANG_CXX_LIBRARY = "libc++";
				CLANG_ENABLE_MODULES = YES;
				CLANG_ENABLE_OBJC_ARC = YES;
				CLANG_ENABLE_OBJC_WEAK = YES;
				CLANG_WARN_BLOCK_CAPTURE_AUTORELEASING = YES;
				CLANG_WARN_BOOL_CONVERSION = YES;
				CLANG_WARN_COMMA = YES;
				CLANG_WARN_CONSTANT_CONVERSION = YES;
				CLANG_WARN_DEPRECATED_OBJC_IMPLEMENTATIONS = YES;
				CLANG_WARN_DIRECT_OBJC_ISA_USAGE = YES_ERROR;
				CLANG_WARN_DOCUMENTATION_COMMENTS = YES;
				CLANG_WARN_EMPTY_BODY = YES;
				CLANG_WARN_ENUM_CONVERSION = YES;
				CLANG_WARN_INFINITE_RECURSION = YES;
				CLANG_WARN_INT_CONVERSION = YES;
				CLANG_WARN_NON_LITERAL_NULL_CONVERSION = YES;
				CLANG_WARN_OBJC_IMPLICIT_RETAIN_SELF = YES;
				CLANG_WARN_OBJC_LITERAL_CONVERSION = YES;
				CLANG_WARN_OBJC_ROOT_CLASS = YES_ERROR;
				CLANG_WARN_RANGE_LOOP_ANALYSIS = YES;
				CLANG_WARN_STRICT_PROTOTYPES = YES;
				CLANG_WARN_SUSPICIOUS_MOVE = YES;
				CLANG_WARN_UNGUARDED_AVAILABILITY = YES_AGGRESSIVE;
				CLANG_WARN_UNREACHABLE_CODE = YES;
				CLANG_WARN__DUPLICATE_METHOD_MATCH = YES;
				CODE_SIGN_IDENTITY = "iPhone Developer";
				COPY_PHASE_STRIP = NO;
				DEBUG_INFORMATION_FORMAT = "dwarf-with-dsym";
				ENABLE_NS_ASSERTIONS = NO;
				ENABLE_STRICT_OBJC_MSGSEND = YES;
				GCC_C_LANGUAGE_STANDARD = gnu11;
				GCC_NO_COMMON_BLOCKS = YES;
				GCC_WARN_64_TO_32_BIT_CONVERSION = YES;
				GCC_WARN_ABOUT_RETURN_TYPE = YES_ERROR;
				GCC_WARN_UNDECLARED_SELECTOR = YES;
				GCC_WARN_UNINITIALIZED_AUTOS = YES_AGGRESSIVE;
				GCC_WARN_UNUSED_FUNCTION = YES;
				GCC_WARN_UNUSED_VARIABLE = YES;
				IPHONEOS_DEPLOYMENT_TARGET = 12.1;
				MTL_ENABLE_DEBUG_INFO = NO;
				MTL_FAST_MATH = YES;
				SDKROOT = iphoneos;
				SWIFT_COMPILATION_MODE = wholemodule;
				SWIFT_OPTIMIZATION_LEVEL = "-O";
				VALIDATE_PRODUCT = YES;
			};
			name = Release;
		};
		31DE1C1021EF1CE600A30CEE /* Debug */ = {
			isa = XCBuildConfiguration;
			baseConfigurationReference = F429CE54034A9F13C1B45A63 /* Pods-Treads.debug.xcconfig */;
			buildSettings = {
				ASSETCATALOG_COMPILER_APPICON_NAME = AppIcon;
				CODE_SIGN_STYLE = Automatic;
				DEVELOPMENT_TEAM = L79F55H896;
				INFOPLIST_FILE = Treads/Info.plist;
				LD_RUNPATH_SEARCH_PATHS = (
					"$(inherited)",
					"@executable_path/Frameworks",
				);
				PRODUCT_BUNDLE_IDENTIFIER = TestCorps.Treads;
				PRODUCT_NAME = "$(TARGET_NAME)";
				SWIFT_VERSION = 4.2;
				TARGETED_DEVICE_FAMILY = "1,2";
			};
			name = Debug;
		};
		31DE1C1121EF1CE600A30CEE /* Release */ = {
			isa = XCBuildConfiguration;
			baseConfigurationReference = 0202A1EF11F40EDB5A1E42CC /* Pods-Treads.release.xcconfig */;
			buildSettings = {
				ASSETCATALOG_COMPILER_APPICON_NAME = AppIcon;
				CODE_SIGN_STYLE = Automatic;
				DEVELOPMENT_TEAM = L79F55H896;
				INFOPLIST_FILE = Treads/Info.plist;
				LD_RUNPATH_SEARCH_PATHS = (
					"$(inherited)",
					"@executable_path/Frameworks",
				);
				PRODUCT_BUNDLE_IDENTIFIER = TestCorps.Treads;
				PRODUCT_NAME = "$(TARGET_NAME)";
				SWIFT_VERSION = 4.2;
				TARGETED_DEVICE_FAMILY = "1,2";
			};
			name = Release;
		};
/* End XCBuildConfiguration section */

/* Begin XCConfigurationList section */
		31DE1BF621EF1CE400A30CEE /* Build configuration list for PBXProject "Treads" */ = {
			isa = XCConfigurationList;
			buildConfigurations = (
				31DE1C0D21EF1CE600A30CEE /* Debug */,
				31DE1C0E21EF1CE600A30CEE /* Release */,
			);
			defaultConfigurationIsVisible = 0;
			defaultConfigurationName = Release;
		};
		31DE1C0F21EF1CE600A30CEE /* Build configuration list for PBXNativeTarget "Treads" */ = {
			isa = XCConfigurationList;
			buildConfigurations = (
				31DE1C1021EF1CE600A30CEE /* Debug */,
				31DE1C1121EF1CE600A30CEE /* Release */,
			);
			defaultConfigurationIsVisible = 0;
			defaultConfigurationName = Release;
		};
/* End XCConfigurationList section */
	};
	rootObject = 31DE1BF321EF1CE400A30CEE /* Project object */;
}
